
Microsoft Visual Studio Solution File, Format Version 12.00
# Visual Studio 15
VisualStudioVersion = 15.0.27130.2027
MinimumVisualStudioVersion = 10.0.40219.1
Project("{9A19103F-16F7-4668-BE54-9A1E7A4F7556}") = "00-Predict-Iris", "MLNetLab\00-Predict-Iris.csproj", "{1C6804FE-0A50-4723-82BE-6F5FD824975C}"
EndProject
Project("{FAE04EC0-301F-11D3-BF4B-00C04F79EFBC}") = "01-TaxiFare", "01-TaxiFare\01-TaxiFare.csproj", "{3B34F2C2-21A9-4356-8E7A-71FFD6B042D1}"
EndProject
Project("{FAE04EC0-301F-11D3-BF4B-00C04F79EFBC}") = "02-SentimentAnalysis", "02-SentimentAnalysis\02-SentimentAnalysis.csproj", "{41138377-9FBA-44DC-B308-260631E4C144}"
EndProject
Project("{FAE04EC0-301F-11D3-BF4B-00C04F79EFBC}") = "03-SG_HDB_Price", "03-SG_HDB_Price\03-SG_HDB_Price.csproj", "{1AFCA806-F6BA-46EF-BECD-0E9D4CE96962}"
EndProject
Global
	GlobalSection(SolutionConfigurationPlatforms) = preSolution
		Debug|Any CPU = Debug|Any CPU
		Release|Any CPU = Release|Any CPU
	EndGlobalSection
	GlobalSection(ProjectConfigurationPlatforms) = postSolution
		{1C6804FE-0A50-4723-82BE-6F5FD824975C}.Debug|Any CPU.ActiveCfg = Debug|Any CPU
		{1C6804FE-0A50-4723-82BE-6F5FD824975C}.Debug|Any CPU.Build.0 = Debug|Any CPU
		{1C6804FE-0A50-4723-82BE-6F5FD824975C}.Release|Any CPU.ActiveCfg = Release|Any CPU
		{1C6804FE-0A50-4723-82BE-6F5FD824975C}.Release|Any CPU.Build.0 = Release|Any CPU
		{3B34F2C2-21A9-4356-8E7A-71FFD6B042D1}.Debug|Any CPU.ActiveCfg = Debug|Any CPU
		{3B34F2C2-21A9-4356-8E7A-71FFD6B042D1}.Debug|Any CPU.Build.0 = Debug|Any CPU
		{3B34F2C2-21A9-4356-8E7A-71FFD6B042D1}.Release|Any CPU.ActiveCfg = Release|Any CPU
		{3B34F2C2-21A9-4356-8E7A-71FFD6B042D1}.Release|Any CPU.Build.0 = Release|Any CPU
		{41138377-9FBA-44DC-B308-260631E4C144}.Debug|Any CPU.ActiveCfg = Debug|Any CPU
		{41138377-9FBA-44DC-B308-260631E4C144}.Debug|Any CPU.Build.0 = Debug|Any CPU
		{41138377-9FBA-44DC-B308-260631E4C144}.Release|Any CPU.ActiveCfg = Release|Any CPU
		{41138377-9FBA-44DC-B308-260631E4C144}.Release|Any CPU.Build.0 = Release|Any CPU
		{1AFCA806-F6BA-46EF-BECD-0E9D4CE96962}.Debug|Any CPU.ActiveCfg = Debug|Any CPU
		{1AFCA806-F6BA-46EF-BECD-0E9D4CE96962}.Debug|Any CPU.Build.0 = Debug|Any CPU
		{1AFCA806-F6BA-46EF-BECD-0E9D4CE96962}.Release|Any CPU.ActiveCfg = Release|Any CPU
		{1AFCA806-F6BA-46EF-BECD-0E9D4CE96962}.Release|Any CPU.Build.0 = Release|Any CPU
	EndGlobalSection
	GlobalSection(SolutionProperties) = preSolution
		HideSolutionNode = FALSE
	EndGlobalSection
	GlobalSection(ExtensibilityGlobals) = postSolution
		SolutionGuid = {E3C38EB9-70DF-4EC4-AD49-FF874233300E}
	EndGlobalSection
EndGlobal
